{
  "name": "ORR-SOLUTION",
  "lockfileVersion": 3,
  "requires": true,
  "packages": {
    "": {
      "dependencies": {
        "gsap": "^3.13.0"
      }
    },
    "node_modules/gsap": {
      "version": "3.13.0",
      "license": "Standard 'no charge' license: https://gsap.com/standard-license."
    }
  }
}
